// !$*UTF8*$!
{
	archiveVersion = 1;
	classes = {
	};
	objectVersion = 50;
	objects = {

/* Begin PBXBuildFile section */
		EE409E072329674C00B5A702 /* Sprites in CopyFiles */ = {isa = PBXBuildFile; fileRef = EE409E062329674800B5A702 /* Sprites */; };
		EE409E0A232968D800B5A702 /* Game.cpp in Sources */ = {isa = PBXBuildFile; fileRef = EE409E08232968D800B5A702 /* Game.cpp */; };
		EE409E0D23297C3800B5A702 /* AssetLoader.cpp in Sources */ = {isa = PBXBuildFile; fileRef = EE409E0B23297C3800B5A702 /* AssetLoader.cpp */; };
		EE409E102329988B00B5A702 /* Pacman.cpp in Sources */ = {isa = PBXBuildFile; fileRef = EE409E0E2329988B00B5A702 /* Pacman.cpp */; };
		EECB571923283613001DD53F /* main.cpp in Sources */ = {isa = PBXBuildFile; fileRef = EECB571823283613001DD53F /* main.cpp */; };
		EECB572223283633001DD53F /* SDL2_image.framework in Frameworks */ = {isa = PBXBuildFile; fileRef = EECB572023283633001DD53F /* SDL2_image.framework */; };
		EECB572323283633001DD53F /* SDL2.framework in Frameworks */ = {isa = PBXBuildFile; fileRef = EECB572123283633001DD53F /* SDL2.framework */; };
/* End PBXBuildFile section */

/* Begin PBXCopyFilesBuildPhase section */
		EECB571323283613001DD53F /* CopyFiles */ = {
			isa = PBXCopyFilesBuildPhase;
			buildActionMask = 12;
			dstPath = "";
			dstSubfolderSpec = 16;
			files = (
				EE409E072329674C00B5A702 /* Sprites in CopyFiles */,
			);
			runOnlyForDeploymentPostprocessing = 0;
		};
/* End PBXCopyFilesBuildPhase section */

/* Begin PBXFileReference section */
		EE409E062329674800B5A702 /* Sprites */ = {isa = PBXFileReference; lastKnownFileType = folder; path = Sprites; sourceTree = "<group>"; };
		EE409E08232968D800B5A702 /* Game.cpp */ = {isa = PBXFileReference; lastKnownFileType = sourcecode.cpp.cpp; path = Game.cpp; sourceTree = "<group>"; };
		EE409E09232968D800B5A702 /* Game.hpp */ = {isa = PBXFileReference; lastKnownFileType = sourcecode.cpp.h; path = Game.hpp; sourceTree = "<group>"; };
		EE409E0B23297C3800B5A702 /* AssetLoader.cpp */ = {isa = PBXFileReference; lastKnownFileType = sourcecode.cpp.cpp; path = AssetLoader.cpp; sourceTree = "<group>"; };
		EE409E0C23297C3800B5A702 /* AssetLoader.hpp */ = {isa = PBXFileReference; lastKnownFileType = sourcecode.cpp.h; path = AssetLoader.hpp; sourceTree = "<group>"; };
		EE409E0E2329988B00B5A702 /* Pacman.cpp */ = {isa = PBXFileReference; lastKnownFileType = sourcecode.cpp.cpp; path = Pacman.cpp; sourceTree = "<group>"; };
		EE409E0F2329988B00B5A702 /* Pacman.hpp */ = {isa = PBXFileReference; lastKnownFileType = sourcecode.cpp.h; path = Pacman.hpp; sourceTree = "<group>"; };
		EECB571523283613001DD53F /* PacmanSDL */ = {isa = PBXFileReference; explicitFileType = "compiled.mach-o.executable"; includeInIndex = 0; path = PacmanSDL; sourceTree = BUILT_PRODUCTS_DIR; };
		EECB571823283613001DD53F /* main.cpp */ = {isa = PBXFileReference; lastKnownFileType = sourcecode.cpp.cpp; path = main.cpp; sourceTree = "<group>"; };
		EECB572023283633001DD53F /* SDL2_image.framework */ = {isa = PBXFileReference; lastKnownFileType = wrapper.framework; name = SDL2_image.framework; path = ../../../../Library/Frameworks/SDL2_image.framework; sourceTree = "<group>"; };
		EECB572123283633001DD53F /* SDL2.framework */ = {isa = PBXFileReference; lastKnownFileType = wrapper.framework; name = SDL2.framework; path = ../../../../Library/Frameworks/SDL2.framework; sourceTree = "<group>"; };
/* End PBXFileReference section */

/* Begin PBXFrameworksBuildPhase section */
		EECB571223283613001DD53F /* Frameworks */ = {
			isa = PBXFrameworksBuildPhase;
			buildActionMask = 2147483647;
			files = (
				EECB572223283633001DD53F /* SDL2_image.framework in Frameworks */,
				EECB572323283633001DD53F /* SDL2.framework in Frameworks */,
			);
			runOnlyForDeploymentPostprocessing = 0;
		};
/* End PBXFrameworksBuildPhase section */

/* Begin PBXGroup section */
		EECB570C23283613001DD53F = {
			isa = PBXGroup;
			children = (
				EE409E062329674800B5A702 /* Sprites */,
				EECB571723283613001DD53F /* PacmanSDL */,
				EECB571623283613001DD53F /* Products */,
				EECB571F23283633001DD53F /* Frameworks */,
			);
			sourceTree = "<group>";
			usesTabs = 1;
		};
		EECB571623283613001DD53F /* Products */ = {
			isa = PBXGroup;
			children = (
				EECB571523283613001DD53F /* PacmanSDL */,
			);
			name = Products;
			sourceTree = "<group>";
		};
		EECB571723283613001DD53F /* PacmanSDL */ = {
			isa = PBXGroup;
			children = (
				EECB571823283613001DD53F /* main.cpp */,
				EE409E08232968D800B5A702 /* Game.cpp */,
				EE409E09232968D800B5A702 /* Game.hpp */,
				EE409E0B23297C3800B5A702 /* AssetLoader.cpp */,
				EE409E0C23297C3800B5A702 /* AssetLoader.hpp */,
				EE409E0E2329988B00B5A702 /* Pacman.cpp */,
				EE409E0F2329988B00B5A702 /* Pacman.hpp */,
			);
			path = PacmanSDL;
			sourceTree = "<group>";
		};
		EECB571F23283633001DD53F /* Frameworks */ = {
			isa = PBXGroup;
			children = (
				EECB572023283633001DD53F /* SDL2_image.framework */,
				EECB572123283633001DD53F /* SDL2.framework */,
			);
			name = Frameworks;
			sourceTree = "<group>";
		};
/* End PBXGroup section */

/* Begin PBXNativeTarget section */
		EECB571423283613001DD53F /* PacmanSDL */ = {
			isa = PBXNativeTarget;
			buildConfigurationList = EECB571C23283613001DD53F /* Build configuration list for PBXNativeTarget "PacmanSDL" */;
			buildPhases = (
				EECB571123283613001DD53F /* Sources */,
				EECB571223283613001DD53F /* Frameworks */,
				EECB571323283613001DD53F /* CopyFiles */,
			);
			buildRules = (
			);
			dependencies = (
			);
			name = PacmanSDL;
			productName = PacmanSDL;
			productReference = EECB571523283613001DD53F /* PacmanSDL */;
			productType = "com.apple.product-type.tool";
		};
/* End PBXNativeTarget section */

/* Begin PBXProject section */
		EECB570D23283613001DD53F /* Project object */ = {
			isa = PBXProject;
			attributes = {
				LastUpgradeCheck = 1030;
				ORGANIZATIONNAME = "Kevin Martín Fernández";
				TargetAttributes = {
					EECB571423283613001DD53F = {
						CreatedOnToolsVersion = 10.3;
					};
				};
			};
			buildConfigurationList = EECB571023283613001DD53F /* Build configuration list for PBXProject "PacmanSDL" */;
			compatibilityVersion = "Xcode 9.3";
			developmentRegion = en;
			hasScannedForEncodings = 0;
			knownRegions = (
				en,
			);
			mainGroup = EECB570C23283613001DD53F;
			productRefGroup = EECB571623283613001DD53F /* Products */;
			projectDirPath = "";
			projectRoot = "";
			targets = (
				EECB571423283613001DD53F /* PacmanSDL */,
			);
		};
/* End PBXProject section */

/* Begin PBXSourcesBuildPhase section */
		EECB571123283613001DD53F /* Sources */ = {
			isa = PBXSourcesBuildPhase;
			buildActionMask = 2147483647;
			files = (
				EE409E0D23297C3800B5A702 /* AssetLoader.cpp in Sources */,
				EECB571923283613001DD53F /* main.cpp in Sources */,
				EE409E0A232968D800B5A702 /* Game.cpp in Sources */,
				EE409E102329988B00B5A702 /* Pacman.cpp in Sources */,
			);
			runOnlyForDeploymentPostprocessing = 0;
		};
/* End PBXSourcesBuildPhase section */

/* Begin XCBuildConfiguration section */
		EECB571A23283613001DD53F /* Debug */ = {
			isa = XCBuildConfiguration;
			buildSettings = {
				ALWAYS_SEARCH_USER_PATHS = NO;
				CLANG_ANALYZER_NONNULL = YES;
				CLANG_ANALYZER_NUMBER_OBJECT_CONVERSION = YES_AGGRESSIVE;
				CLANG_CXX_LANGUAGE_STANDARD = "gnu++14";
				CLANG_CXX_LIBRARY = "libc++";
				CLANG_ENABLE_MODULES = YES;
				CLANG_ENABLE_OBJC_ARC = YES;
				CLANG_ENABLE_OBJC_WEAK = YES;
				CLANG_WARN_BLOCK_CAPTURE_AUTORELEASING = YES;
				CLANG_WARN_BOOL_CONVERSION = YES;
				CLANG_WARN_COMMA = YES;
				CLANG_WARN_CONSTANT_CONVERSION = YES;
				CLANG_WARN_DEPRECATED_OBJC_IMPLEMENTATIONS = YES;
				CLANG_WARN_DIRECT_OBJC_ISA_USAGE = YES_ERROR;
				CLANG_WARN_DOCUMENTATION_COMMENTS = YES;
				CLANG_WARN_EMPTY_BODY = YES;
				CLANG_WARN_ENUM_CONVERSION = YES;
				CLANG_WARN_INFINITE_RECURSION = YES;
				CLANG_WARN_INT_CONVERSION = YES;
				CLANG_WARN_NON_LITERAL_NULL_CONVERSION = YES;
				CLANG_WARN_OBJC_IMPLICIT_RETAIN_SELF = YES;
				CLANG_WARN_OBJC_LITERAL_CONVERSION = YES;
				CLANG_WARN_OBJC_ROOT_CLASS = YES_ERROR;
				CLANG_WARN_RANGE_LOOP_ANALYSIS = YES;
				CLANG_WARN_STRICT_PROTOTYPES = YES;
				CLANG_WARN_SUSPICIOUS_MOVE = YES;
				CLANG_WARN_UNGUARDED_AVAILABILITY = YES_AGGRESSIVE;
				CLANG_WARN_UNREACHABLE_CODE = YES;
				CLANG_WARN__DUPLICATE_METHOD_MATCH = YES;
				CODE_SIGN_IDENTITY = "-";
				COPY_PHASE_STRIP = NO;
				DEBUG_INFORMATION_FORMAT = dwarf;
				ENABLE_STRICT_OBJC_MSGSEND = YES;
				ENABLE_TESTABILITY = YES;
				GCC_C_LANGUAGE_STANDARD = gnu11;
				GCC_DYNAMIC_NO_PIC = NO;
				GCC_NO_COMMON_BLOCKS = YES;
				GCC_OPTIMIZATION_LEVEL = 0;
				GCC_PREPROCESSOR_DEFINITIONS = (
					"DEBUG=1",
					"$(inherited)",
				);
				GCC_WARN_64_TO_32_BIT_CONVERSION = YES;
				GCC_WARN_ABOUT_RETURN_TYPE = YES_ERROR;
				GCC_WARN_UNDECLARED_SELECTOR = YES;
				GCC_WARN_UNINITIALIZED_AUTOS = YES_AGGRESSIVE;
				GCC_WARN_UNUSED_FUNCTION = YES;
				GCC_WARN_UNUSED_VARIABLE = YES;
				MACOSX_DEPLOYMENT_TARGET = 10.14;
				MTL_ENABLE_DEBUG_INFO = INCLUDE_SOURCE;
				MTL_FAST_MATH = YES;
				ONLY_ACTIVE_ARCH = YES;
				SDKROOT = macosx;
			};
			name = Debug;
		};
		EECB571B23283613001DD53F /* Release */ = {
			isa = XCBuildConfiguration;
			buildSettings = {
				ALWAYS_SEARCH_USER_PATHS = NO;
				CLANG_ANALYZER_NONNULL = YES;
				CLANG_ANALYZER_NUMBER_OBJECT_CONVERSION = YES_AGGRESSIVE;
				CLANG_CXX_LANGUAGE_STANDARD = "gnu++14";
				CLANG_CXX_LIBRARY = "libc++";
				CLANG_ENABLE_MODULES = YES;
				CLANG_ENABLE_OBJC_ARC = YES;
				CLANG_ENABLE_OBJC_WEAK = YES;
				CLANG_WARN_BLOCK_CAPTURE_AUTORELEASING = YES;
				CLANG_WARN_BOOL_CONVERSION = YES;
				CLANG_WARN_COMMA = YES;
				CLANG_WARN_CONSTANT_CONVERSION = YES;
				CLANG_WARN_DEPRECATED_OBJC_IMPLEMENTATIONS = YES;
				CLANG_WARN_DIRECT_OBJC_ISA_USAGE = YES_ERROR;
				CLANG_WARN_DOCUMENTATION_COMMENTS = YES;
				CLANG_WARN_EMPTY_BODY = YES;
				CLANG_WARN_ENUM_CONVERSION = YES;
				CLANG_WARN_INFINITE_RECURSION = YES;
				CLANG_WARN_INT_CONVERSION = YES;
				CLANG_WARN_NON_LITERAL_NULL_CONVERSION = YES;
				CLANG_WARN_OBJC_IMPLICIT_RETAIN_SELF = YES;
				CLANG_WARN_OBJC_LITERAL_CONVERSION = YES;
				CLANG_WARN_OBJC_ROOT_CLASS = YES_ERROR;
				CLANG_WARN_RANGE_LOOP_ANALYSIS = YES;
				CLANG_WARN_STRICT_PROTOTYPES = YES;
				CLANG_WARN_SUSPICIOUS_MOVE = YES;
				CLANG_WARN_UNGUARDED_AVAILABILITY = YES_AGGRESSIVE;
				CLANG_WARN_UNREACHABLE_CODE = YES;
				CLANG_WARN__DUPLICATE_METHOD_MATCH = YES;
				CODE_SIGN_IDENTITY = "-";
				COPY_PHASE_STRIP = NO;
				DEBUG_INFORMATION_FORMAT = "dwarf-with-dsym";
				ENABLE_NS_ASSERTIONS = NO;
				ENABLE_STRICT_OBJC_MSGSEND = YES;
				GCC_C_LANGUAGE_STANDARD = gnu11;
				GCC_NO_COMMON_BLOCKS = YES;
				GCC_WARN_64_TO_32_BIT_CONVERSION = YES;
				GCC_WARN_ABOUT_RETURN_TYPE = YES_ERROR;
				GCC_WARN_UNDECLARED_SELECTOR = YES;
				GCC_WARN_UNINITIALIZED_AUTOS = YES_AGGRESSIVE;
				GCC_WARN_UNUSED_FUNCTION = YES;
				GCC_WARN_UNUSED_VARIABLE = YES;
				MACOSX_DEPLOYMENT_TARGET = 10.14;
				MTL_ENABLE_DEBUG_INFO = NO;
				MTL_FAST_MATH = YES;
				SDKROOT = macosx;
			};
			name = Release;
		};
		EECB571D23283613001DD53F /* Debug */ = {
			isa = XCBuildConfiguration;
			buildSettings = {
				CODE_SIGN_STYLE = Automatic;
				FRAMEWORK_SEARCH_PATHS = (
					"$(inherited)",
					"$(LOCAL_LIBRARY_DIR)/Frameworks",
				);
				PRODUCT_NAME = "$(TARGET_NAME)";
			};
			name = Debug;
		};
		EECB571E23283613001DD53F /* Release */ = {
			isa = XCBuildConfiguration;
			buildSettings = {
				CODE_SIGN_STYLE = Automatic;
				FRAMEWORK_SEARCH_PATHS = (
					"$(inherited)",
					"$(LOCAL_LIBRARY_DIR)/Frameworks",
				);
				PRODUCT_NAME = "$(TARGET_NAME)";
			};
			name = Release;
		};
/* End XCBuildConfiguration section */

/* Begin XCConfigurationList section */
		EECB571023283613001DD53F /* Build configuration list for PBXProject "PacmanSDL" */ = {
			isa = XCConfigurationList;
			buildConfigurations = (
				EECB571A23283613001DD53F /* Debug */,
				EECB571B23283613001DD53F /* Release */,
			);
			defaultConfigurationIsVisible = 0;
			defaultConfigurationName = Release;
		};
		EECB571C23283613001DD53F /* Build configuration list for PBXNativeTarget "PacmanSDL" */ = {
			isa = XCConfigurationList;
			buildConfigurations = (
				EECB571D23283613001DD53F /* Debug */,
				EECB571E23283613001DD53F /* Release */,
			);
			defaultConfigurationIsVisible = 0;
			defaultConfigurationName = Release;
		};
/* End XCConfigurationList section */
	};
	rootObject = EECB570D23283613001DD53F /* Project object */;
}
